// !$*UTF8*$!
{
	archiveVersion = 1;
	classes = {
	};
	objectVersion = 46;
	objects = {

/* Begin PBXBuildFile section */
		75DF87EC1F4FBED600D53D4D /* main.m in Sources */ = {isa = PBXBuildFile; fileRef = 75DF87EB1F4FBED600D53D4D /* main.m */; };
		75DF87EF1F4FBED600D53D4D /* AppDelegate.m in Sources */ = {isa = PBXBuildFile; fileRef = 75DF87EE1F4FBED600D53D4D /* AppDelegate.m */; };
		75DF87F21F4FBED600D53D4D /* ViewController.m in Sources */ = {isa = PBXBuildFile; fileRef = 75DF87F11F4FBED600D53D4D /* ViewController.m */; };
		75DF87F51F4FBED600D53D4D /* Main.storyboard in Resources */ = {isa = PBXBuildFile; fileRef = 75DF87F31F4FBED600D53D4D /* Main.storyboard */; };
		75DF87F71F4FBED600D53D4D /* Assets.xcassets in Resources */ = {isa = PBXBuildFile; fileRef = 75DF87F61F4FBED600D53D4D /* Assets.xcassets */; };
		75DF87FA1F4FBED600D53D4D /* LaunchScreen.storyboard in Resources */ = {isa = PBXBuildFile; fileRef = 75DF87F81F4FBED600D53D4D /* LaunchScreen.storyboard */; };
		75DF88051F4FBED600D53D4D /* MyIOSApp2Tests.m in Sources */ = {isa = PBXBuildFile; fileRef = 75DF88041F4FBED600D53D4D /* MyIOSApp2Tests.m */; };
		75DF88101F4FBED600D53D4D /* MyIOSApp2UITests.m in Sources */ = {isa = PBXBuildFile; fileRef = 75DF880F1F4FBED600D53D4D /* MyIOSApp2UITests.m */; };
/* End PBXBuildFile section */

/* Begin PBXContainerItemProxy section */
		75DF88011F4FBED600D53D4D /* PBXContainerItemProxy */ = {
			isa = PBXContainerItemProxy;
			containerPortal = 75DF87DF1F4FBED600D53D4D /* Project object */;
			proxyType = 1;
			remoteGlobalIDString = 75DF87E61F4FBED600D53D4D;
			remoteInfo = MyIOSApp2;
		};
		75DF880C1F4FBED600D53D4D /* PBXContainerItemProxy */ = {
			isa = PBXContainerItemProxy;
			containerPortal = 75DF87DF1F4FBED600D53D4D /* Project object */;
			proxyType = 1;
			remoteGlobalIDString = 75DF87E61F4FBED600D53D4D;
			remoteInfo = MyIOSApp2;
		};
/* End PBXContainerItemProxy section */

/* Begin PBXFileReference section */
		75DF87E71F4FBED600D53D4D /* MyIOSApp2.app */ = {isa = PBXFileReference; explicitFileType = wrapper.application; includeInIndex = 0; path = MyIOSApp2.app; sourceTree = BUILT_PRODUCTS_DIR; };
		75DF87EB1F4FBED600D53D4D /* main.m */ = {isa = PBXFileReference; lastKnownFileType = sourcecode.c.objc; path = main.m; sourceTree = "<group>"; };
		75DF87ED1F4FBED600D53D4D /* AppDelegate.h */ = {isa = PBXFileReference; lastKnownFileType = sourcecode.c.h; path = AppDelegate.h; sourceTree = "<group>"; };
		75DF87EE1F4FBED600D53D4D /* AppDelegate.m */ = {isa = PBXFileReference; lastKnownFileType = sourcecode.c.objc; path = AppDelegate.m; sourceTree = "<group>"; };
		75DF87F01F4FBED600D53D4D /* ViewController.h */ = {isa = PBXFileReference; lastKnownFileType = sourcecode.c.h; path = ViewController.h; sourceTree = "<group>"; };
		75DF87F11F4FBED600D53D4D /* ViewController.m */ = {isa = PBXFileReference; lastKnownFileType = sourcecode.c.objc; path = ViewController.m; sourceTree = "<group>"; };
		75DF87F41F4FBED600D53D4D /* Base */ = {isa = PBXFileReference; lastKnownFileType = file.storyboard; name = Base; path = Base.lproj/Main.storyboard; sourceTree = "<group>"; };
		75DF87F61F4FBED600D53D4D /* Assets.xcassets */ = {isa = PBXFileReference; lastKnownFileType = folder.assetcatalog; path = Assets.xcassets; sourceTree = "<group>"; };
		75DF87F91F4FBED600D53D4D /* Base */ = {isa = PBXFileReference; lastKnownFileType = file.storyboard; name = Base; path = Base.lproj/LaunchScreen.storyboard; sourceTree = "<group>"; };
		75DF87FB1F4FBED600D53D4D /* Info.plist */ = {isa = PBXFileReference; lastKnownFileType = text.plist.xml; path = Info.plist; sourceTree = "<group>"; };
		75DF88001F4FBED600D53D4D /* MyIOSApp2Tests.xctest */ = {isa = PBXFileReference; explicitFileType = wrapper.cfbundle; includeInIndex = 0; path = MyIOSApp2Tests.xctest; sourceTree = BUILT_PRODUCTS_DIR; };
		75DF88041F4FBED600D53D4D /* MyIOSApp2Tests.m */ = {isa = PBXFileReference; lastKnownFileType = sourcecode.c.objc; path = MyIOSApp2Tests.m; sourceTree = "<group>"; };
		75DF88061F4FBED600D53D4D /* Info.plist */ = {isa = PBXFileReference; lastKnownFileType = text.plist.xml; path = Info.plist; sourceTree = "<group>"; };
		75DF880B1F4FBED600D53D4D /* MyIOSApp2UITests.xctest */ = {isa = PBXFileReference; explicitFileType = wrapper.cfbundle; includeInIndex = 0; path = MyIOSApp2UITests.xctest; sourceTree = BUILT_PRODUCTS_DIR; };
		75DF880F1F4FBED600D53D4D /* MyIOSApp2UITests.m */ = {isa = PBXFileReference; lastKnownFileType = sourcecode.c.objc; path = MyIOSApp2UITests.m; sourceTree = "<group>"; };
		75DF88111F4FBED600D53D4D /* Info.plist */ = {isa = PBXFileReference; lastKnownFileType = text.plist.xml; path = Info.plist; sourceTree = "<group>"; };
/* End PBXFileReference section */

/* Begin PBXFrameworksBuildPhase section */
		75DF87E41F4FBED600D53D4D /* Frameworks */ = {
			isa = PBXFrameworksBuildPhase;
			buildActionMask = 2147483647;
			files = (
			);
			runOnlyForDeploymentPostprocessing = 0;
		};
		75DF87FD1F4FBED600D53D4D /* Frameworks */ = {
			isa = PBXFrameworksBuildPhase;
			buildActionMask = 2147483647;
			files = (
			);
			runOnlyForDeploymentPostprocessing = 0;
		};
		75DF88081F4FBED600D53D4D /* Frameworks */ = {
			isa = PBXFrameworksBuildPhase;
			buildActionMask = 2147483647;
			files = (
			);
			runOnlyForDeploymentPostprocessing = 0;
		};
/* End PBXFrameworksBuildPhase section */

/* Begin PBXGroup section */
		75DF87DE1F4FBED600D53D4D = {
			isa = PBXGroup;
			children = (
				75DF87E91F4FBED600D53D4D /* MyIOSApp2 */,
				75DF88031F4FBED600D53D4D /* MyIOSApp2Tests */,
				75DF880E1F4FBED600D53D4D /* MyIOSApp2UITests */,
				75DF87E81F4FBED600D53D4D /* Products */,
			);
			sourceTree = "<group>";
		};
		75DF87E81F4FBED600D53D4D /* Products */ = {
			isa = PBXGroup;
			children = (
				75DF87E71F4FBED600D53D4D /* MyIOSApp2.app */,
				75DF88001F4FBED600D53D4D /* MyIOSApp2Tests.xctest */,
				75DF880B1F4FBED600D53D4D /* MyIOSApp2UITests.xctest */,
			);
			name = Products;
			sourceTree = "<group>";
		};
		75DF87E91F4FBED600D53D4D /* MyIOSApp2 */ = {
			isa = PBXGroup;
			children = (
				75DF87ED1F4FBED600D53D4D /* AppDelegate.h */,
				75DF87EE1F4FBED600D53D4D /* AppDelegate.m */,
				75DF87F01F4FBED600D53D4D /* ViewController.h */,
				75DF87F11F4FBED600D53D4D /* ViewController.m */,
				75DF87F31F4FBED600D53D4D /* Main.storyboard */,
				75DF87F61F4FBED600D53D4D /* Assets.xcassets */,
				75DF87F81F4FBED600D53D4D /* LaunchScreen.storyboard */,
				75DF87FB1F4FBED600D53D4D /* Info.plist */,
				75DF87EA1F4FBED600D53D4D /* Supporting Files */,
			);
			path = MyIOSApp2;
			sourceTree = "<group>";
		};
		75DF87EA1F4FBED600D53D4D /* Supporting Files */ = {
			isa = PBXGroup;
			children = (
				75DF87EB1F4FBED600D53D4D /* main.m */,
			);
			name = "Supporting Files";
			sourceTree = "<group>";
		};
		75DF88031F4FBED600D53D4D /* MyIOSApp2Tests */ = {
			isa = PBXGroup;
			children = (
				75DF88041F4FBED600D53D4D /* MyIOSApp2Tests.m */,
				75DF88061F4FBED600D53D4D /* Info.plist */,
			);
			path = MyIOSApp2Tests;
			sourceTree = "<group>";
		};
		75DF880E1F4FBED600D53D4D /* MyIOSApp2UITests */ = {
			isa = PBXGroup;
			children = (
				75DF880F1F4FBED600D53D4D /* MyIOSApp2UITests.m */,
				75DF88111F4FBED600D53D4D /* Info.plist */,
			);
			path = MyIOSApp2UITests;
			sourceTree = "<group>";
		};
/* End PBXGroup section */

/* Begin PBXNativeTarget section */
		75DF87E61F4FBED600D53D4D /* MyIOSApp2 */ = {
			isa = PBXNativeTarget;
			buildConfigurationList = 75DF88141F4FBED600D53D4D /* Build configuration list for PBXNativeTarget "MyIOSApp2" */;
			buildPhases = (
				75DF87E31F4FBED600D53D4D /* Sources */,
				75DF87E41F4FBED600D53D4D /* Frameworks */,
				75DF87E51F4FBED600D53D4D /* Resources */,
			);
			buildRules = (
			);
			dependencies = (
			);
			name = MyIOSApp2;
			productName = MyIOSApp2;
			productReference = 75DF87E71F4FBED600D53D4D /* MyIOSApp2.app */;
			productType = "com.apple.product-type.application";
		};
		75DF87FF1F4FBED600D53D4D /* MyIOSApp2Tests */ = {
			isa = PBXNativeTarget;
			buildConfigurationList = 75DF88171F4FBED600D53D4D /* Build configuration list for PBXNativeTarget "MyIOSApp2Tests" */;
			buildPhases = (
				75DF87FC1F4FBED600D53D4D /* Sources */,
				75DF87FD1F4FBED600D53D4D /* Frameworks */,
				75DF87FE1F4FBED600D53D4D /* Resources */,
			);
			buildRules = (
			);
			dependencies = (
				75DF88021F4FBED600D53D4D /* PBXTargetDependency */,
			);
			name = MyIOSApp2Tests;
			productName = MyIOSApp2Tests;
			productReference = 75DF88001F4FBED600D53D4D /* MyIOSApp2Tests.xctest */;
			productType = "com.apple.product-type.bundle.unit-test";
		};
		75DF880A1F4FBED600D53D4D /* MyIOSApp2UITests */ = {
			isa = PBXNativeTarget;
			buildConfigurationList = 75DF881A1F4FBED600D53D4D /* Build configuration list for PBXNativeTarget "MyIOSApp2UITests" */;
			buildPhases = (
				75DF88071F4FBED600D53D4D /* Sources */,
				75DF88081F4FBED600D53D4D /* Frameworks */,
				75DF88091F4FBED600D53D4D /* Resources */,
			);
			buildRules = (
			);
			dependencies = (
				75DF880D1F4FBED600D53D4D /* PBXTargetDependency */,
			);
			name = MyIOSApp2UITests;
			productName = MyIOSApp2UITests;
			productReference = 75DF880B1F4FBED600D53D4D /* MyIOSApp2UITests.xctest */;
			productType = "com.apple.product-type.bundle.ui-testing";
		};
/* End PBXNativeTarget section */

/* Begin PBXProject section */
		75DF87DF1F4FBED600D53D4D /* Project object */ = {
			isa = PBXProject;
			attributes = {
				LastUpgradeCheck = 0730;
				ORGANIZATIONNAME = lingdian;
				TargetAttributes = {
					75DF87E61F4FBED600D53D4D = {
						CreatedOnToolsVersion = 7.3.1;
					};
					75DF87FF1F4FBED600D53D4D = {
						CreatedOnToolsVersion = 7.3.1;
						TestTargetID = 75DF87E61F4FBED600D53D4D;
					};
					75DF880A1F4FBED600D53D4D = {
						CreatedOnToolsVersion = 7.3.1;
						TestTargetID = 75DF87E61F4FBED600D53D4D;
					};
				};
			};
			buildConfigurationList = 75DF87E21F4FBED600D53D4D /* Build configuration list for PBXProject "MyIOSApp2" */;
			compatibilityVersion = "Xcode 3.2";
			developmentRegion = English;
			hasScannedForEncodings = 0;
			knownRegions = (
				en,
				Base,
			);
			mainGroup = 75DF87DE1F4FBED600D53D4D;
			productRefGroup = 75DF87E81F4FBED600D53D4D /* Products */;
			projectDirPath = "";
			projectRoot = "";
			targets = (
				75DF87E61F4FBED600D53D4D /* MyIOSApp2 */,
				75DF87FF1F4FBED600D53D4D /* MyIOSApp2Tests */,
				75DF880A1F4FBED600D53D4D /* MyIOSApp2UITests */,
			);
		};
/* End PBXProject section */

/* Begin PBXResourcesBuildPhase section */
		75DF87E51F4FBED600D53D4D /* Resources */ = {
			isa = PBXResourcesBuildPhase;
			buildActionMask = 2147483647;
			files = (
				75DF87FA1F4FBED600D53D4D /* LaunchScreen.storyboard in Resources */,
				75DF87F71F4FBED600D53D4D /* Assets.xcassets in Resources */,
				75DF87F51F4FBED600D53D4D /* Main.storyboard in Resources */,
			);
			runOnlyForDeploymentPostprocessing = 0;
		};
		75DF87FE1F4FBED600D53D4D /* Resources */ = {
			isa = PBXResourcesBuildPhase;
			buildActionMask = 2147483647;
			files = (
			);
			runOnlyForDeploymentPostprocessing = 0;
		};
		75DF88091F4FBED600D53D4D /* Resources */ = {
			isa = PBXResourcesBuildPhase;
			buildActionMask = 2147483647;
			files = (
			);
			runOnlyForDeploymentPostprocessing = 0;
		};
/* End PBXResourcesBuildPhase section */

/* Begin PBXSourcesBuildPhase section */
		75DF87E31F4FBED600D53D4D /* Sources */ = {
			isa = PBXSourcesBuildPhase;
			buildActionMask = 2147483647;
			files = (
				75DF87F21F4FBED600D53D4D /* ViewController.m in Sources */,
				75DF87EF1F4FBED600D53D4D /* AppDelegate.m in Sources */,
				75DF87EC1F4FBED600D53D4D /* main.m in Sources */,
			);
			runOnlyForDeploymentPostprocessing = 0;
		};
		75DF87FC1F4FBED600D53D4D /* Sources */ = {
			isa = PBXSourcesBuildPhase;
			buildActionMask = 2147483647;
			files = (
				75DF88051F4FBED600D53D4D /* MyIOSApp2Tests.m in Sources */,
			);
			runOnlyForDeploymentPostprocessing = 0;
		};
		75DF88071F4FBED600D53D4D /* Sources */ = {
			isa = PBXSourcesBuildPhase;
			buildActionMask = 2147483647;
			files = (
				75DF88101F4FBED600D53D4D /* MyIOSApp2UITests.m in Sources */,
			);
			runOnlyForDeploymentPostprocessing = 0;
		};
/* End PBXSourcesBuildPhase section */

/* Begin PBXTargetDependency section */
		75DF88021F4FBED600D53D4D /* PBXTargetDependency */ = {
			isa = PBXTargetDependency;
			target = 75DF87E61F4FBED600D53D4D /* MyIOSApp2 */;
			targetProxy = 75DF88011F4FBED600D53D4D /* PBXContainerItemProxy */;
		};
		75DF880D1F4FBED600D53D4D /* PBXTargetDependency */ = {
			isa = PBXTargetDependency;
			target = 75DF87E61F4FBED600D53D4D /* MyIOSApp2 */;
			targetProxy = 75DF880C1F4FBED600D53D4D /* PBXContainerItemProxy */;
		};
/* End PBXTargetDependency section */

/* Begin PBXVariantGroup section */
		75DF87F31F4FBED600D53D4D /* Main.storyboard */ = {
			isa = PBXVariantGroup;
			children = (
				75DF87F41F4FBED600D53D4D /* Base */,
			);
			name = Main.storyboard;
			sourceTree = "<group>";
		};
		75DF87F81F4FBED600D53D4D /* LaunchScreen.storyboard */ = {
			isa = PBXVariantGroup;
			children = (
				75DF87F91F4FBED600D53D4D /* Base */,
			);
			name = LaunchScreen.storyboard;
			sourceTree = "<group>";
		};
/* End PBXVariantGroup section */

/* Begin XCBuildConfiguration section */
		75DF88121F4FBED600D53D4D /* Debug */ = {
			isa = XCBuildConfiguration;
			buildSettings = {
				ALWAYS_SEARCH_USER_PATHS = NO;
				CLANG_ANALYZER_NONNULL = YES;
				CLANG_CXX_LANGUAGE_STANDARD = "gnu++0x";
				CLANG_CXX_LIBRARY = "libc++";
				CLANG_ENABLE_MODULES = YES;
				CLANG_ENABLE_OBJC_ARC = YES;
				CLANG_WARN_BOOL_CONVERSION = YES;
				CLANG_WARN_CONSTANT_CONVERSION = YES;
				CLANG_WARN_DIRECT_OBJC_ISA_USAGE = YES_ERROR;
				CLANG_WARN_EMPTY_BODY = YES;
				CLANG_WARN_ENUM_CONVERSION = YES;
				CLANG_WARN_INT_CONVERSION = YES;
				CLANG_WARN_OBJC_ROOT_CLASS = YES_ERROR;
				CLANG_WARN_UNREACHABLE_CODE = YES;
				CLANG_WARN__DUPLICATE_METHOD_MATCH = YES;
				"CODE_SIGN_IDENTITY[sdk=iphoneos*]" = "iPhone Developer";
				COPY_PHASE_STRIP = NO;
				DEBUG_INFORMATION_FORMAT = dwarf;
				ENABLE_STRICT_OBJC_MSGSEND = YES;
				ENABLE_TESTABILITY = YES;
				GCC_C_LANGUAGE_STANDARD = gnu99;
				GCC_DYNAMIC_NO_PIC = NO;
				GCC_NO_COMMON_BLOCKS = YES;
				GCC_OPTIMIZATION_LEVEL = 0;
				GCC_PREPROCESSOR_DEFINITIONS = (
					"DEBUG=1",
					"$(inherited)",
				);
				GCC_WARN_64_TO_32_BIT_CONVERSION = YES;
				GCC_WARN_ABOUT_RETURN_TYPE = YES_ERROR;
				GCC_WARN_UNDECLARED_SELECTOR = YES;
				GCC_WARN_UNINITIALIZED_AUTOS = YES_AGGRESSIVE;
				GCC_WARN_UNUSED_FUNCTION = YES;
				GCC_WARN_UNUSED_VARIABLE = YES;
				IPHONEOS_DEPLOYMENT_TARGET = 9.3;
				MTL_ENABLE_DEBUG_INFO = YES;
				ONLY_ACTIVE_ARCH = YES;
				SDKROOT = iphoneos;
				TARGETED_DEVICE_FAMILY = "1,2";
			};
			name = Debug;
		};
		75DF88131F4FBED600D53D4D /* Release */ = {
			isa = XCBuildConfiguration;
			buildSettings = {
				ALWAYS_SEARCH_USER_PATHS = NO;
				CLANG_ANALYZER_NONNULL = YES;
				CLANG_CXX_LANGUAGE_STANDARD = "gnu++0x";
				CLANG_CXX_LIBRARY = "libc++";
				CLANG_ENABLE_MODULES = YES;
				CLANG_ENABLE_OBJC_ARC = YES;
				CLANG_WARN_BOOL_CONVERSION = YES;
				CLANG_WARN_CONSTANT_CONVERSION = YES;
				CLANG_WARN_DIRECT_OBJC_ISA_USAGE = YES_ERROR;
				CLANG_WARN_EMPTY_BODY = YES;
				CLANG_WARN_ENUM_CONVERSION = YES;
				CLANG_WARN_INT_CONVERSION = YES;
				CLANG_WARN_OBJC_ROOT_CLASS = YES_ERROR;
				CLANG_WARN_UNREACHABLE_CODE = YES;
				CLANG_WARN__DUPLICATE_METHOD_MATCH = YES;
				"CODE_SIGN_IDENTITY[sdk=iphoneos*]" = "iPhone Developer";
				COPY_PHASE_STRIP = NO;
				DEBUG_INFORMATION_FORMAT = "dwarf-with-dsym";
				ENABLE_NS_ASSERTIONS = NO;
				ENABLE_STRICT_OBJC_MSGSEND = YES;
				GCC_C_LANGUAGE_STANDARD = gnu99;
				GCC_NO_COMMON_BLOCKS = YES;
				GCC_WARN_64_TO_32_BIT_CONVERSION = YES;
				GCC_WARN_ABOUT_RETURN_TYPE = YES_ERROR;
				GCC_WARN_UNDECLARED_SELECTOR = YES;
				GCC_WARN_UNINITIALIZED_AUTOS = YES_AGGRESSIVE;
				GCC_WARN_UNUSED_FUNCTION = YES;
				GCC_WARN_UNUSED_VARIABLE = YES;
				IPHONEOS_DEPLOYMENT_TARGET = 9.3;
				MTL_ENABLE_DEBUG_INFO = NO;
				SDKROOT = iphoneos;
				TARGETED_DEVICE_FAMILY = "1,2";
				VALIDATE_PRODUCT = YES;
			};
			name = Release;
		};
		75DF88151F4FBED600D53D4D /* Debug */ = {
			isa = XCBuildConfiguration;
			buildSettings = {
				ASSETCATALOG_COMPILER_APPICON_NAME = AppIcon;
				INFOPLIST_FILE = MyIOSApp2/Info.plist;
				LD_RUNPATH_SEARCH_PATHS = "$(inherited) @executable_path/Frameworks";
				PRODUCT_BUNDLE_IDENTIFIER = lingdian.MyIOSApp2;
				PRODUCT_NAME = "$(TARGET_NAME)";
			};
			name = Debug;
		};
		75DF88161F4FBED600D53D4D /* Release */ = {
			isa = XCBuildConfiguration;
			buildSettings = {
				ASSETCATALOG_COMPILER_APPICON_NAME = AppIcon;
				INFOPLIST_FILE = MyIOSApp2/Info.plist;
				LD_RUNPATH_SEARCH_PATHS = "$(inherited) @executable_path/Frameworks";
				PRODUCT_BUNDLE_IDENTIFIER = lingdian.MyIOSApp2;
				PRODUCT_NAME = "$(TARGET_NAME)";
			};
			name = Release;
		};
		75DF88181F4FBED600D53D4D /* Debug */ = {
			isa = XCBuildConfiguration;
			buildSettings = {
				BUNDLE_LOADER = "$(TEST_HOST)";
				INFOPLIST_FILE = MyIOSApp2Tests/Info.plist;
				LD_RUNPATH_SEARCH_PATHS = "$(inherited) @executable_path/Frameworks @loader_path/Frameworks";
				PRODUCT_BUNDLE_IDENTIFIER = lingdian.MyIOSApp2Tests;
				PRODUCT_NAME = "$(TARGET_NAME)";
				TEST_HOST = "$(BUILT_PRODUCTS_DIR)/MyIOSApp2.app/MyIOSApp2";
			};
			name = Debug;
		};
		75DF88191F4FBED600D53D4D /* Release */ = {
			isa = XCBuildConfiguration;
			buildSettings = {
				BUNDLE_LOADER = "$(TEST_HOST)";
				INFOPLIST_FILE = MyIOSApp2Tests/Info.plist;
				LD_RUNPATH_SEARCH_PATHS = "$(inherited) @executable_path/Frameworks @loader_path/Frameworks";
				PRODUCT_BUNDLE_IDENTIFIER = lingdian.MyIOSApp2Tests;
				PRODUCT_NAME = "$(TARGET_NAME)";
				TEST_HOST = "$(BUILT_PRODUCTS_DIR)/MyIOSApp2.app/MyIOSApp2";
			};
			name = Release;
		};
		75DF881B1F4FBED600D53D4D /* Debug */ = {
			isa = XCBuildConfiguration;
			buildSettings = {
				INFOPLIST_FILE = MyIOSApp2UITests/Info.plist;
				LD_RUNPATH_SEARCH_PATHS = "$(inherited) @executable_path/Frameworks @loader_path/Frameworks";
				PRODUCT_BUNDLE_IDENTIFIER = lingdian.MyIOSApp2UITests;
				PRODUCT_NAME = "$(TARGET_NAME)";
				TEST_TARGET_NAME = MyIOSApp2;
			};
			name = Debug;
		};
		75DF881C1F4FBED600D53D4D /* Release */ = {
			isa = XCBuildConfiguration;
			buildSettings = {
				INFOPLIST_FILE = MyIOSApp2UITests/Info.plist;
				LD_RUNPATH_SEARCH_PATHS = "$(inherited) @executable_path/Frameworks @loader_path/Frameworks";
				PRODUCT_BUNDLE_IDENTIFIER = lingdian.MyIOSApp2UITests;
				PRODUCT_NAME = "$(TARGET_NAME)";
				TEST_TARGET_NAME = MyIOSApp2;
			};
			name = Release;
		};
/* End XCBuildConfiguration section */

/* Begin XCConfigurationList section */
		75DF87E21F4FBED600D53D4D /* Build configuration list for PBXProject "MyIOSApp2" */ = {
			isa = XCConfigurationList;
			buildConfigurations = (
				75DF88121F4FBED600D53D4D /* Debug */,
				75DF88131F4FBED600D53D4D /* Release */,
			);
			defaultConfigurationIsVisible = 0;
			defaultConfigurationName = Release;
		};
		75DF88141F4FBED600D53D4D /* Build configuration list for PBXNativeTarget "MyIOSApp2" */ = {
			isa = XCConfigurationList;
			buildConfigurations = (
				75DF88151F4FBED600D53D4D /* Debug */,
				75DF88161F4FBED600D53D4D /* Release */,
			);
			defaultConfigurationIsVisible = 0;
		};
		75DF88171F4FBED600D53D4D /* Build configuration list for PBXNativeTarget "MyIOSApp2Tests" */ = {
			isa = XCConfigurationList;
			buildConfigurations = (
				75DF88181F4FBED600D53D4D /* Debug */,
				75DF88191F4FBED600D53D4D /* Release */,
			);
			defaultConfigurationIsVisible = 0;
		};
		75DF881A1F4FBED600D53D4D /* Build configuration list for PBXNativeTarget "MyIOSApp2UITests" */ = {
			isa = XCConfigurationList;
			buildConfigurations = (
				75DF881B1F4FBED600D53D4D /* Debug */,
				75DF881C1F4FBED600D53D4D /* Release */,
			);
			defaultConfigurationIsVisible = 0;
		};
/* End XCConfigurationList section */
	};
	rootObject = 75DF87DF1F4FBED600D53D4D /* Project object */;
}
